{
  "name": "esp32camup",
  "version": "1.0.0",
  "lockfileVersion": 3,
  "requires": true,
  "packages": {
    "": {
      "name": "esp32camup",
      "version": "1.0.0",
      "dependencies": {
        "@cloudflare/images": "^0.1.0"
      }
    },
    "node_modules/@cloudflare/images": {
      "version": "0.1.0",
      "resolved": "https://registry.npmjs.org/@cloudflare/images/-/images-0.1.0.tgz",
      "integrity": "sha512-placeholder-integrity-hash",
      "engines": {
        "node": ">=16.13.0"
      }
    }
  }
}
